// !$*UTF8*$!
{
	archiveVersion = 1;
	classes = {
	};
	objectVersion = 51;
	objects = {

/* Begin PBXBuildFile section */
		7D742F47245B0BF200BF523B /* AppDelegate.swift in Sources */ = {isa = PBXBuildFile; fileRef = 7D742F46245B0BF200BF523B /* AppDelegate.swift */; };
		7D742F49245B0BF200BF523B /* SceneDelegate.swift in Sources */ = {isa = PBXBuildFile; fileRef = 7D742F48245B0BF200BF523B /* SceneDelegate.swift */; };
		7D742F4B245B0BF200BF523B /* ViewController.swift in Sources */ = {isa = PBXBuildFile; fileRef = 7D742F4A245B0BF200BF523B /* ViewController.swift */; };
		7D742F4E245B0BF200BF523B /* Main.storyboard in Resources */ = {isa = PBXBuildFile; fileRef = 7D742F4C245B0BF200BF523B /* Main.storyboard */; };
		7D742F50245B0BF700BF523B /* Assets.xcassets in Resources */ = {isa = PBXBuildFile; fileRef = 7D742F4F245B0BF700BF523B /* Assets.xcassets */; };
		7D742F53245B0BF700BF523B /* LaunchScreen.storyboard in Resources */ = {isa = PBXBuildFile; fileRef = 7D742F51245B0BF700BF523B /* LaunchScreen.storyboard */; };
		7D742F69245B0BF700BF523B /* TestProjectUITests.swift in Sources */ = {isa = PBXBuildFile; fileRef = 7D742F68245B0BF700BF523B /* TestProjectUITests.swift */; };
		7D742F77245B174F00BF523B /* Calculator.swift in Sources */ = {isa = PBXBuildFile; fileRef = 7D742F76245B174F00BF523B /* Calculator.swift */; };
		7D742F79245B17AA00BF523B /* CalculatorTests.swift in Sources */ = {isa = PBXBuildFile; fileRef = 7D742F78245B17A900BF523B /* CalculatorTests.swift */; };
		84943C0E8D810C5991D6F6AF /* Pods_TestProject_TestProjectUITests.framework in Frameworks */ = {isa = PBXBuildFile; fileRef = A6A6514759AFE6AAD67C2888 /* Pods_TestProject_TestProjectUITests.framework */; };
		8A71CD1B49FBE38381FAEBC1 /* Pods_TestProject.framework in Frameworks */ = {isa = PBXBuildFile; fileRef = B09E0AECF8E5A238B68937BC /* Pods_TestProject.framework */; };
		F9E8C276BA963639679351A8 /* Pods_TestProjectTests.framework in Frameworks */ = {isa = PBXBuildFile; fileRef = CCF7D88EFE73AB6AE8C96D89 /* Pods_TestProjectTests.framework */; };
/* End PBXBuildFile section */

/* Begin PBXContainerItemProxy section */
		7D742F5A245B0BF700BF523B /* PBXContainerItemProxy */ = {
			isa = PBXContainerItemProxy;
			containerPortal = 7D742F3B245B0BF200BF523B /* Project object */;
			proxyType = 1;
			remoteGlobalIDString = 7D742F42245B0BF200BF523B;
			remoteInfo = TestProject;
		};
		7D742F65245B0BF700BF523B /* PBXContainerItemProxy */ = {
			isa = PBXContainerItemProxy;
			containerPortal = 7D742F3B245B0BF200BF523B /* Project object */;
			proxyType = 1;
			remoteGlobalIDString = 7D742F42245B0BF200BF523B;
			remoteInfo = TestProject;
		};
/* End PBXContainerItemProxy section */

/* Begin PBXFileReference section */
		2C1AB395A05C09579E66B865 /* Pods-TestProject.release.xcconfig */ = {isa = PBXFileReference; includeInIndex = 1; lastKnownFileType = text.xcconfig; name = "Pods-TestProject.release.xcconfig"; path = "Target Support Files/Pods-TestProject/Pods-TestProject.release.xcconfig"; sourceTree = "<group>"; };
		6D9512578C381AFEADAAD386 /* Pods-TestProject.debug.xcconfig */ = {isa = PBXFileReference; includeInIndex = 1; lastKnownFileType = text.xcconfig; name = "Pods-TestProject.debug.xcconfig"; path = "Target Support Files/Pods-TestProject/Pods-TestProject.debug.xcconfig"; sourceTree = "<group>"; };
		7D742F43245B0BF200BF523B /* TestProject.app */ = {isa = PBXFileReference; explicitFileType = wrapper.application; includeInIndex = 0; path = TestProject.app; sourceTree = BUILT_PRODUCTS_DIR; };
		7D742F46245B0BF200BF523B /* AppDelegate.swift */ = {isa = PBXFileReference; lastKnownFileType = sourcecode.swift; path = AppDelegate.swift; sourceTree = "<group>"; };
		7D742F48245B0BF200BF523B /* SceneDelegate.swift */ = {isa = PBXFileReference; lastKnownFileType = sourcecode.swift; path = SceneDelegate.swift; sourceTree = "<group>"; };
		7D742F4A245B0BF200BF523B /* ViewController.swift */ = {isa = PBXFileReference; lastKnownFileType = sourcecode.swift; path = ViewController.swift; sourceTree = "<group>"; };
		7D742F4D245B0BF200BF523B /* Base */ = {isa = PBXFileReference; lastKnownFileType = file.storyboard; name = Base; path = Base.lproj/Main.storyboard; sourceTree = "<group>"; };
		7D742F4F245B0BF700BF523B /* Assets.xcassets */ = {isa = PBXFileReference; lastKnownFileType = folder.assetcatalog; path = Assets.xcassets; sourceTree = "<group>"; };
		7D742F52245B0BF700BF523B /* Base */ = {isa = PBXFileReference; lastKnownFileType = file.storyboard; name = Base; path = Base.lproj/LaunchScreen.storyboard; sourceTree = "<group>"; };
		7D742F54245B0BF700BF523B /* Info.plist */ = {isa = PBXFileReference; lastKnownFileType = text.plist.xml; path = Info.plist; sourceTree = "<group>"; };
		7D742F59245B0BF700BF523B /* TestProjectTests.xctest */ = {isa = PBXFileReference; explicitFileType = wrapper.cfbundle; includeInIndex = 0; path = TestProjectTests.xctest; sourceTree = BUILT_PRODUCTS_DIR; };
		7D742F5F245B0BF700BF523B /* Info.plist */ = {isa = PBXFileReference; lastKnownFileType = text.plist.xml; path = Info.plist; sourceTree = "<group>"; };
		7D742F64245B0BF700BF523B /* TestProjectUITests.xctest */ = {isa = PBXFileReference; explicitFileType = wrapper.cfbundle; includeInIndex = 0; path = TestProjectUITests.xctest; sourceTree = BUILT_PRODUCTS_DIR; };
		7D742F68245B0BF700BF523B /* TestProjectUITests.swift */ = {isa = PBXFileReference; lastKnownFileType = sourcecode.swift; path = TestProjectUITests.swift; sourceTree = "<group>"; };
		7D742F6A245B0BF700BF523B /* Info.plist */ = {isa = PBXFileReference; lastKnownFileType = text.plist.xml; path = Info.plist; sourceTree = "<group>"; };
		7D742F76245B174F00BF523B /* Calculator.swift */ = {isa = PBXFileReference; lastKnownFileType = sourcecode.swift; path = Calculator.swift; sourceTree = "<group>"; };
		7D742F78245B17A900BF523B /* CalculatorTests.swift */ = {isa = PBXFileReference; lastKnownFileType = sourcecode.swift; path = CalculatorTests.swift; sourceTree = "<group>"; };
		A6A6514759AFE6AAD67C2888 /* Pods_TestProject_TestProjectUITests.framework */ = {isa = PBXFileReference; explicitFileType = wrapper.framework; includeInIndex = 0; path = Pods_TestProject_TestProjectUITests.framework; sourceTree = BUILT_PRODUCTS_DIR; };
		B09E0AECF8E5A238B68937BC /* Pods_TestProject.framework */ = {isa = PBXFileReference; explicitFileType = wrapper.framework; includeInIndex = 0; path = Pods_TestProject.framework; sourceTree = BUILT_PRODUCTS_DIR; };
		B5E974F99BD235988323FCE1 /* Pods-TestProjectTests.debug.xcconfig */ = {isa = PBXFileReference; includeInIndex = 1; lastKnownFileType = text.xcconfig; name = "Pods-TestProjectTests.debug.xcconfig"; path = "Target Support Files/Pods-TestProjectTests/Pods-TestProjectTests.debug.xcconfig"; sourceTree = "<group>"; };
		CCF7D88EFE73AB6AE8C96D89 /* Pods_TestProjectTests.framework */ = {isa = PBXFileReference; explicitFileType = wrapper.framework; includeInIndex = 0; path = Pods_TestProjectTests.framework; sourceTree = BUILT_PRODUCTS_DIR; };
		E52355DB5A08FE356116B769 /* Pods-TestProject-TestProjectUITests.debug.xcconfig */ = {isa = PBXFileReference; includeInIndex = 1; lastKnownFileType = text.xcconfig; name = "Pods-TestProject-TestProjectUITests.debug.xcconfig"; path = "Target Support Files/Pods-TestProject-TestProjectUITests/Pods-TestProject-TestProjectUITests.debug.xcconfig"; sourceTree = "<group>"; };
		E565FE00DDDD3AD12D1FAD4D /* Pods-TestProject-TestProjectUITests.release.xcconfig */ = {isa = PBXFileReference; includeInIndex = 1; lastKnownFileType = text.xcconfig; name = "Pods-TestProject-TestProjectUITests.release.xcconfig"; path = "Target Support Files/Pods-TestProject-TestProjectUITests/Pods-TestProject-TestProjectUITests.release.xcconfig"; sourceTree = "<group>"; };
		FFEEA23CD4A311EFD38B21F6 /* Pods-TestProjectTests.release.xcconfig */ = {isa = PBXFileReference; includeInIndex = 1; lastKnownFileType = text.xcconfig; name = "Pods-TestProjectTests.release.xcconfig"; path = "Target Support Files/Pods-TestProjectTests/Pods-TestProjectTests.release.xcconfig"; sourceTree = "<group>"; };
/* End PBXFileReference section */

/* Begin PBXFrameworksBuildPhase section */
		7D742F40245B0BF200BF523B /* Frameworks */ = {
			isa = PBXFrameworksBuildPhase;
			buildActionMask = 2147483647;
			files = (
				8A71CD1B49FBE38381FAEBC1 /* Pods_TestProject.framework in Frameworks */,
			);
			runOnlyForDeploymentPostprocessing = 0;
		};
		7D742F56245B0BF700BF523B /* Frameworks */ = {
			isa = PBXFrameworksBuildPhase;
			buildActionMask = 2147483647;
			files = (
				F9E8C276BA963639679351A8 /* Pods_TestProjectTests.framework in Frameworks */,
			);
			runOnlyForDeploymentPostprocessing = 0;
		};
		7D742F61245B0BF700BF523B /* Frameworks */ = {
			isa = PBXFrameworksBuildPhase;
			buildActionMask = 2147483647;
			files = (
				84943C0E8D810C5991D6F6AF /* Pods_TestProject_TestProjectUITests.framework in Frameworks */,
			);
			runOnlyForDeploymentPostprocessing = 0;
		};
/* End PBXFrameworksBuildPhase section */

/* Begin PBXGroup section */
		0DEC57AA42005C561A8933D9 /* Frameworks */ = {
			isa = PBXGroup;
			children = (
				B09E0AECF8E5A238B68937BC /* Pods_TestProject.framework */,
				A6A6514759AFE6AAD67C2888 /* Pods_TestProject_TestProjectUITests.framework */,
				CCF7D88EFE73AB6AE8C96D89 /* Pods_TestProjectTests.framework */,
			);
			name = Frameworks;
			sourceTree = "<group>";
		};
		7D742F3A245B0BF200BF523B = {
			isa = PBXGroup;
			children = (
				7D742F45245B0BF200BF523B /* TestProject */,
				7D742F5C245B0BF700BF523B /* TestProjectTests */,
				7D742F67245B0BF700BF523B /* TestProjectUITests */,
				7D742F44245B0BF200BF523B /* Products */,
				BF5964AAD44C2DCA85B1B300 /* Pods */,
				0DEC57AA42005C561A8933D9 /* Frameworks */,
			);
			sourceTree = "<group>";
		};
		7D742F44245B0BF200BF523B /* Products */ = {
			isa = PBXGroup;
			children = (
				7D742F43245B0BF200BF523B /* TestProject.app */,
				7D742F59245B0BF700BF523B /* TestProjectTests.xctest */,
				7D742F64245B0BF700BF523B /* TestProjectUITests.xctest */,
			);
			name = Products;
			sourceTree = "<group>";
		};
		7D742F45245B0BF200BF523B /* TestProject */ = {
			isa = PBXGroup;
			children = (
				7D742F46245B0BF200BF523B /* AppDelegate.swift */,
				7D742F48245B0BF200BF523B /* SceneDelegate.swift */,
				7D742F4A245B0BF200BF523B /* ViewController.swift */,
				7D742F76245B174F00BF523B /* Calculator.swift */,
				7D742F4C245B0BF200BF523B /* Main.storyboard */,
				7D742F4F245B0BF700BF523B /* Assets.xcassets */,
				7D742F51245B0BF700BF523B /* LaunchScreen.storyboard */,
				7D742F54245B0BF700BF523B /* Info.plist */,
			);
			path = TestProject;
			sourceTree = "<group>";
		};
		7D742F5C245B0BF700BF523B /* TestProjectTests */ = {
			isa = PBXGroup;
			children = (
				7D742F78245B17A900BF523B /* CalculatorTests.swift */,
				7D742F5F245B0BF700BF523B /* Info.plist */,
			);
			path = TestProjectTests;
			sourceTree = "<group>";
		};
		7D742F67245B0BF700BF523B /* TestProjectUITests */ = {
			isa = PBXGroup;
			children = (
				7D742F68245B0BF700BF523B /* TestProjectUITests.swift */,
				7D742F6A245B0BF700BF523B /* Info.plist */,
			);
			path = TestProjectUITests;
			sourceTree = "<group>";
		};
		BF5964AAD44C2DCA85B1B300 /* Pods */ = {
			isa = PBXGroup;
			children = (
				6D9512578C381AFEADAAD386 /* Pods-TestProject.debug.xcconfig */,
				2C1AB395A05C09579E66B865 /* Pods-TestProject.release.xcconfig */,
				E52355DB5A08FE356116B769 /* Pods-TestProject-TestProjectUITests.debug.xcconfig */,
				E565FE00DDDD3AD12D1FAD4D /* Pods-TestProject-TestProjectUITests.release.xcconfig */,
				B5E974F99BD235988323FCE1 /* Pods-TestProjectTests.debug.xcconfig */,
				FFEEA23CD4A311EFD38B21F6 /* Pods-TestProjectTests.release.xcconfig */,
			);
			path = Pods;
			sourceTree = "<group>";
		};
/* End PBXGroup section */

/* Begin PBXNativeTarget section */
		7D742F42245B0BF200BF523B /* TestProject */ = {
			isa = PBXNativeTarget;
			buildConfigurationList = 7D742F6D245B0BF700BF523B /* Build configuration list for PBXNativeTarget "TestProject" */;
			buildPhases = (
				A8D903130866CBAAB53DAA99 /* [CP] Check Pods Manifest.lock */,
				7D742F3F245B0BF200BF523B /* Sources */,
				7D742F40245B0BF200BF523B /* Frameworks */,
				7D742F41245B0BF200BF523B /* Resources */,
				6438E13282537C4116C4F965 /* [CP] Embed Pods Frameworks */,
			);
			buildRules = (
			);
			dependencies = (
			);
			name = TestProject;
			productName = TestProject;
			productReference = 7D742F43245B0BF200BF523B /* TestProject.app */;
			productType = "com.apple.product-type.application";
		};
		7D742F58245B0BF700BF523B /* TestProjectTests */ = {
			isa = PBXNativeTarget;
			buildConfigurationList = 7D742F70245B0BF700BF523B /* Build configuration list for PBXNativeTarget "TestProjectTests" */;
			buildPhases = (
				1BF8DA4FBB80E3E1589922AB /* [CP] Check Pods Manifest.lock */,
				7D742F55245B0BF700BF523B /* Sources */,
				7D742F56245B0BF700BF523B /* Frameworks */,
				7D742F57245B0BF700BF523B /* Resources */,
			);
			buildRules = (
			);
			dependencies = (
				7D742F5B245B0BF700BF523B /* PBXTargetDependency */,
			);
			name = TestProjectTests;
			productName = TestProjectTests;
			productReference = 7D742F59245B0BF700BF523B /* TestProjectTests.xctest */;
			productType = "com.apple.product-type.bundle.unit-test";
		};
		7D742F63245B0BF700BF523B /* TestProjectUITests */ = {
			isa = PBXNativeTarget;
			buildConfigurationList = 7D742F73245B0BF700BF523B /* Build configuration list for PBXNativeTarget "TestProjectUITests" */;
			buildPhases = (
				F1ACD962C358EF26112D69BC /* [CP] Check Pods Manifest.lock */,
				7D742F60245B0BF700BF523B /* Sources */,
				7D742F61245B0BF700BF523B /* Frameworks */,
				7D742F62245B0BF700BF523B /* Resources */,
				E73F53F13D23FA8340182878 /* [CP] Embed Pods Frameworks */,
			);
			buildRules = (
			);
			dependencies = (
				7D742F66245B0BF700BF523B /* PBXTargetDependency */,
			);
			name = TestProjectUITests;
			productName = TestProjectUITests;
			productReference = 7D742F64245B0BF700BF523B /* TestProjectUITests.xctest */;
			productType = "com.apple.product-type.bundle.ui-testing";
		};
/* End PBXNativeTarget section */

/* Begin PBXProject section */
		7D742F3B245B0BF200BF523B /* Project object */ = {
			isa = PBXProject;
			attributes = {
				LastSwiftUpdateCheck = 1140;
				LastUpgradeCheck = 1140;
				ORGANIZATIONNAME = "Tsolis Tasos";
				TargetAttributes = {
					7D742F42245B0BF200BF523B = {
						CreatedOnToolsVersion = 11.4.1;
					};
					7D742F58245B0BF700BF523B = {
						CreatedOnToolsVersion = 11.4.1;
						TestTargetID = 7D742F42245B0BF200BF523B;
					};
					7D742F63245B0BF700BF523B = {
						CreatedOnToolsVersion = 11.4.1;
						TestTargetID = 7D742F42245B0BF200BF523B;
					};
				};
			};
			buildConfigurationList = 7D742F3E245B0BF200BF523B /* Build configuration list for PBXProject "TestProject" */;
			compatibilityVersion = "Xcode 9.3";
			developmentRegion = en;
			hasScannedForEncodings = 0;
			knownRegions = (
				en,
				Base,
			);
			mainGroup = 7D742F3A245B0BF200BF523B;
			productRefGroup = 7D742F44245B0BF200BF523B /* Products */;
			projectDirPath = "";
			projectRoot = "";
			targets = (
				7D742F42245B0BF200BF523B /* TestProject */,
				7D742F58245B0BF700BF523B /* TestProjectTests */,
				7D742F63245B0BF700BF523B /* TestProjectUITests */,
			);
		};
/* End PBXProject section */

/* Begin PBXResourcesBuildPhase section */
		7D742F41245B0BF200BF523B /* Resources */ = {
			isa = PBXResourcesBuildPhase;
			buildActionMask = 2147483647;
			files = (
				7D742F53245B0BF700BF523B /* LaunchScreen.storyboard in Resources */,
				7D742F50245B0BF700BF523B /* Assets.xcassets in Resources */,
				7D742F4E245B0BF200BF523B /* Main.storyboard in Resources */,
			);
			runOnlyForDeploymentPostprocessing = 0;
		};
		7D742F57245B0BF700BF523B /* Resources */ = {
			isa = PBXResourcesBuildPhase;
			buildActionMask = 2147483647;
			files = (
			);
			runOnlyForDeploymentPostprocessing = 0;
		};
		7D742F62245B0BF700BF523B /* Resources */ = {
			isa = PBXResourcesBuildPhase;
			buildActionMask = 2147483647;
			files = (
			);
			runOnlyForDeploymentPostprocessing = 0;
		};
/* End PBXResourcesBuildPhase section */

/* Begin PBXShellScriptBuildPhase section */
		1BF8DA4FBB80E3E1589922AB /* [CP] Check Pods Manifest.lock */ = {
			isa = PBXShellScriptBuildPhase;
			buildActionMask = 2147483647;
			files = (
			);
			inputFileListPaths = (
			);
			inputPaths = (
				"${PODS_PODFILE_DIR_PATH}/Podfile.lock",
				"${PODS_ROOT}/Manifest.lock",
			);
			name = "[CP] Check Pods Manifest.lock";
			outputFileListPaths = (
			);
			outputPaths = (
				"$(DERIVED_FILE_DIR)/Pods-TestProjectTests-checkManifestLockResult.txt",
			);
			runOnlyForDeploymentPostprocessing = 0;
			shellPath = /bin/sh;
			shellScript = "diff \"${PODS_PODFILE_DIR_PATH}/Podfile.lock\" \"${PODS_ROOT}/Manifest.lock\" > /dev/null\nif [ $? != 0 ] ; then\n    # print error to STDERR\n    echo \"error: The sandbox is not in sync with the Podfile.lock. Run 'pod install' or update your CocoaPods installation.\" >&2\n    exit 1\nfi\n# This output is used by Xcode 'outputs' to avoid re-running this script phase.\necho \"SUCCESS\" > \"${SCRIPT_OUTPUT_FILE_0}\"\n";
			showEnvVarsInLog = 0;
		};
		6438E13282537C4116C4F965 /* [CP] Embed Pods Frameworks */ = {
			isa = PBXShellScriptBuildPhase;
			buildActionMask = 2147483647;
			files = (
			);
			inputFileListPaths = (
				"${PODS_ROOT}/Target Support Files/Pods-TestProject/Pods-TestProject-frameworks-${CONFIGURATION}-input-files.xcfilelist",
			);
			name = "[CP] Embed Pods Frameworks";
			outputFileListPaths = (
				"${PODS_ROOT}/Target Support Files/Pods-TestProject/Pods-TestProject-frameworks-${CONFIGURATION}-output-files.xcfilelist",
			);
			runOnlyForDeploymentPostprocessing = 0;
			shellPath = /bin/sh;
			shellScript = "\"${PODS_ROOT}/Target Support Files/Pods-TestProject/Pods-TestProject-frameworks.sh\"\n";
			showEnvVarsInLog = 0;
		};
		A8D903130866CBAAB53DAA99 /* [CP] Check Pods Manifest.lock */ = {
			isa = PBXShellScriptBuildPhase;
			buildActionMask = 2147483647;
			files = (
			);
			inputFileListPaths = (
			);
			inputPaths = (
				"${PODS_PODFILE_DIR_PATH}/Podfile.lock",
				"${PODS_ROOT}/Manifest.lock",
			);
			name = "[CP] Check Pods Manifest.lock";
			outputFileListPaths = (
			);
			outputPaths = (
				"$(DERIVED_FILE_DIR)/Pods-TestProject-checkManifestLockResult.txt",
			);
			runOnlyForDeploymentPostprocessing = 0;
			shellPath = /bin/sh;
			shellScript = "diff \"${PODS_PODFILE_DIR_PATH}/Podfile.lock\" \"${PODS_ROOT}/Manifest.lock\" > /dev/null\nif [ $? != 0 ] ; then\n    # print error to STDERR\n    echo \"error: The sandbox is not in sync with the Podfile.lock. Run 'pod install' or update your CocoaPods installation.\" >&2\n    exit 1\nfi\n# This output is used by Xcode 'outputs' to avoid re-running this script phase.\necho \"SUCCESS\" > \"${SCRIPT_OUTPUT_FILE_0}\"\n";
			showEnvVarsInLog = 0;
		};
		E73F53F13D23FA8340182878 /* [CP] Embed Pods Frameworks */ = {
			isa = PBXShellScriptBuildPhase;
			buildActionMask = 2147483647;
			files = (
			);
			inputFileListPaths = (
				"${PODS_ROOT}/Target Support Files/Pods-TestProject-TestProjectUITests/Pods-TestProject-TestProjectUITests-frameworks-${CONFIGURATION}-input-files.xcfilelist",
			);
			name = "[CP] Embed Pods Frameworks";
			outputFileListPaths = (
				"${PODS_ROOT}/Target Support Files/Pods-TestProject-TestProjectUITests/Pods-TestProject-TestProjectUITests-frameworks-${CONFIGURATION}-output-files.xcfilelist",
			);
			runOnlyForDeploymentPostprocessing = 0;
			shellPath = /bin/sh;
			shellScript = "\"${PODS_ROOT}/Target Support Files/Pods-TestProject-TestProjectUITests/Pods-TestProject-TestProjectUITests-frameworks.sh\"\n";
			showEnvVarsInLog = 0;
		};
		F1ACD962C358EF26112D69BC /* [CP] Check Pods Manifest.lock */ = {
			isa = PBXShellScriptBuildPhase;
			buildActionMask = 2147483647;
			files = (
			);
			inputFileListPaths = (
			);
			inputPaths = (
				"${PODS_PODFILE_DIR_PATH}/Podfile.lock",
				"${PODS_ROOT}/Manifest.lock",
			);
			name = "[CP] Check Pods Manifest.lock";
			outputFileListPaths = (
			);
			outputPaths = (
				"$(DERIVED_FILE_DIR)/Pods-TestProject-TestProjectUITests-checkManifestLockResult.txt",
			);
			runOnlyForDeploymentPostprocessing = 0;
			shellPath = /bin/sh;
			shellScript = "diff \"${PODS_PODFILE_DIR_PATH}/Podfile.lock\" \"${PODS_ROOT}/Manifest.lock\" > /dev/null\nif [ $? != 0 ] ; then\n    # print error to STDERR\n    echo \"error: The sandbox is not in sync with the Podfile.lock. Run 'pod install' or update your CocoaPods installation.\" >&2\n    exit 1\nfi\n# This output is used by Xcode 'outputs' to avoid re-running this script phase.\necho \"SUCCESS\" > \"${SCRIPT_OUTPUT_FILE_0}\"\n";
			showEnvVarsInLog = 0;
		};
/* End PBXShellScriptBuildPhase section */

/* Begin PBXSourcesBuildPhase section */
		7D742F3F245B0BF200BF523B /* Sources */ = {
			isa = PBXSourcesBuildPhase;
			buildActionMask = 2147483647;
			files = (
				7D742F4B245B0BF200BF523B /* ViewController.swift in Sources */,
				7D742F77245B174F00BF523B /* Calculator.swift in Sources */,
				7D742F47245B0BF200BF523B /* AppDelegate.swift in Sources */,
				7D742F49245B0BF200BF523B /* SceneDelegate.swift in Sources */,
			);
			runOnlyForDeploymentPostprocessing = 0;
		};
		7D742F55245B0BF700BF523B /* Sources */ = {
			isa = PBXSourcesBuildPhase;
			buildActionMask = 2147483647;
			files = (
				7D742F79245B17AA00BF523B /* CalculatorTests.swift in Sources */,
			);
			runOnlyForDeploymentPostprocessing = 0;
		};
		7D742F60245B0BF700BF523B /* Sources */ = {
			isa = PBXSourcesBuildPhase;
			buildActionMask = 2147483647;
			files = (
				7D742F69245B0BF700BF523B /* TestProjectUITests.swift in Sources */,
			);
			runOnlyForDeploymentPostprocessing = 0;
		};
/* End PBXSourcesBuildPhase section */

/* Begin PBXTargetDependency section */
		7D742F5B245B0BF700BF523B /* PBXTargetDependency */ = {
			isa = PBXTargetDependency;
			target = 7D742F42245B0BF200BF523B /* TestProject */;
			targetProxy = 7D742F5A245B0BF700BF523B /* PBXContainerItemProxy */;
		};
		7D742F66245B0BF700BF523B /* PBXTargetDependency */ = {
			isa = PBXTargetDependency;
			target = 7D742F42245B0BF200BF523B /* TestProject */;
			targetProxy = 7D742F65245B0BF700BF523B /* PBXContainerItemProxy */;
		};
/* End PBXTargetDependency section */

/* Begin PBXVariantGroup section */
		7D742F4C245B0BF200BF523B /* Main.storyboard */ = {
			isa = PBXVariantGroup;
			children = (
				7D742F4D245B0BF200BF523B /* Base */,
			);
			name = Main.storyboard;
			sourceTree = "<group>";
		};
		7D742F51245B0BF700BF523B /* LaunchScreen.storyboard */ = {
			isa = PBXVariantGroup;
			children = (
				7D742F52245B0BF700BF523B /* Base */,
			);
			name = LaunchScreen.storyboard;
			sourceTree = "<group>";
		};
/* End PBXVariantGroup section */

/* Begin XCBuildConfiguration section */
		7D742F6B245B0BF700BF523B /* Debug */ = {
			isa = XCBuildConfiguration;
			buildSettings = {
				ALWAYS_SEARCH_USER_PATHS = NO;
				CLANG_ANALYZER_NONNULL = YES;
				CLANG_ANALYZER_NUMBER_OBJECT_CONVERSION = YES_AGGRESSIVE;
				CLANG_CXX_LANGUAGE_STANDARD = "gnu++14";
				CLANG_CXX_LIBRARY = "libc++";
				CLANG_ENABLE_MODULES = YES;
				CLANG_ENABLE_OBJC_ARC = YES;
				CLANG_ENABLE_OBJC_WEAK = YES;
				CLANG_WARN_BLOCK_CAPTURE_AUTORELEASING = YES;
				CLANG_WARN_BOOL_CONVERSION = YES;
				CLANG_WARN_COMMA = YES;
				CLANG_WARN_CONSTANT_CONVERSION = YES;
				CLANG_WARN_DEPRECATED_OBJC_IMPLEMENTATIONS = YES;
				CLANG_WARN_DIRECT_OBJC_ISA_USAGE = YES_ERROR;
				CLANG_WARN_DOCUMENTATION_COMMENTS = YES;
				CLANG_WARN_EMPTY_BODY = YES;
				CLANG_WARN_ENUM_CONVERSION = YES;
				CLANG_WARN_INFINITE_RECURSION = YES;
				CLANG_WARN_INT_CONVERSION = YES;
				CLANG_WARN_NON_LITERAL_NULL_CONVERSION = YES;
				CLANG_WARN_OBJC_IMPLICIT_RETAIN_SELF = YES;
				CLANG_WARN_OBJC_LITERAL_CONVERSION = YES;
				CLANG_WARN_OBJC_ROOT_CLASS = YES_ERROR;
				CLANG_WARN_RANGE_LOOP_ANALYSIS = YES;
				CLANG_WARN_STRICT_PROTOTYPES = YES;
				CLANG_WARN_SUSPICIOUS_MOVE = YES;
				CLANG_WARN_UNGUARDED_AVAILABILITY = YES_AGGRESSIVE;
				CLANG_WARN_UNREACHABLE_CODE = YES;
				CLANG_WARN__DUPLICATE_METHOD_MATCH = YES;
				COPY_PHASE_STRIP = NO;
				DEBUG_INFORMATION_FORMAT = dwarf;
				ENABLE_STRICT_OBJC_MSGSEND = YES;
				ENABLE_TESTABILITY = YES;
				GCC_C_LANGUAGE_STANDARD = gnu11;
				GCC_DYNAMIC_NO_PIC = NO;
				GCC_NO_COMMON_BLOCKS = YES;
				GCC_OPTIMIZATION_LEVEL = 0;
				GCC_PREPROCESSOR_DEFINITIONS = (
					"DEBUG=1",
					"$(inherited)",
				);
				GCC_WARN_64_TO_32_BIT_CONVERSION = YES;
				GCC_WARN_ABOUT_RETURN_TYPE = YES_ERROR;
				GCC_WARN_UNDECLARED_SELECTOR = YES;
				GCC_WARN_UNINITIALIZED_AUTOS = YES_AGGRESSIVE;
				GCC_WARN_UNUSED_FUNCTION = YES;
				GCC_WARN_UNUSED_VARIABLE = YES;
				IPHONEOS_DEPLOYMENT_TARGET = 13.4;
				MTL_ENABLE_DEBUG_INFO = INCLUDE_SOURCE;
				MTL_FAST_MATH = YES;
				ONLY_ACTIVE_ARCH = YES;
				SDKROOT = iphoneos;
				SWIFT_ACTIVE_COMPILATION_CONDITIONS = DEBUG;
				SWIFT_OPTIMIZATION_LEVEL = "-Onone";
			};
			name = Debug;
		};
		7D742F6C245B0BF700BF523B /* Release */ = {
			isa = XCBuildConfiguration;
			buildSettings = {
				ALWAYS_SEARCH_USER_PATHS = NO;
				CLANG_ANALYZER_NONNULL = YES;
				CLANG_ANALYZER_NUMBER_OBJECT_CONVERSION = YES_AGGRESSIVE;
				CLANG_CXX_LANGUAGE_STANDARD = "gnu++14";
				CLANG_CXX_LIBRARY = "libc++";
				CLANG_ENABLE_MODULES = YES;
				CLANG_ENABLE_OBJC_ARC = YES;
				CLANG_ENABLE_OBJC_WEAK = YES;
				CLANG_WARN_BLOCK_CAPTURE_AUTORELEASING = YES;
				CLANG_WARN_BOOL_CONVERSION = YES;
				CLANG_WARN_COMMA = YES;
				CLANG_WARN_CONSTANT_CONVERSION = YES;
				CLANG_WARN_DEPRECATED_OBJC_IMPLEMENTATIONS = YES;
				CLANG_WARN_DIRECT_OBJC_ISA_USAGE = YES_ERROR;
				CLANG_WARN_DOCUMENTATION_COMMENTS = YES;
				CLANG_WARN_EMPTY_BODY = YES;
				CLANG_WARN_ENUM_CONVERSION = YES;
				CLANG_WARN_INFINITE_RECURSION = YES;
				CLANG_WARN_INT_CONVERSION = YES;
				CLANG_WARN_NON_LITERAL_NULL_CONVERSION = YES;
				CLANG_WARN_OBJC_IMPLICIT_RETAIN_SELF = YES;
				CLANG_WARN_OBJC_LITERAL_CONVERSION = YES;
				CLANG_WARN_OBJC_ROOT_CLASS = YES_ERROR;
				CLANG_WARN_RANGE_LOOP_ANALYSIS = YES;
				CLANG_WARN_STRICT_PROTOTYPES = YES;
				CLANG_WARN_SUSPICIOUS_MOVE = YES;
				CLANG_WARN_UNGUARDED_AVAILABILITY = YES_AGGRESSIVE;
				CLANG_WARN_UNREACHABLE_CODE = YES;
				CLANG_WARN__DUPLICATE_METHOD_MATCH = YES;
				COPY_PHASE_STRIP = NO;
				DEBUG_INFORMATION_FORMAT = "dwarf-with-dsym";
				ENABLE_NS_ASSERTIONS = NO;
				ENABLE_STRICT_OBJC_MSGSEND = YES;
				GCC_C_LANGUAGE_STANDARD = gnu11;
				GCC_NO_COMMON_BLOCKS = YES;
				GCC_WARN_64_TO_32_BIT_CONVERSION = YES;
				GCC_WARN_ABOUT_RETURN_TYPE = YES_ERROR;
				GCC_WARN_UNDECLARED_SELECTOR = YES;
				GCC_WARN_UNINITIALIZED_AUTOS = YES_AGGRESSIVE;
				GCC_WARN_UNUSED_FUNCTION = YES;
				GCC_WARN_UNUSED_VARIABLE = YES;
				IPHONEOS_DEPLOYMENT_TARGET = 13.4;
				MTL_ENABLE_DEBUG_INFO = NO;
				MTL_FAST_MATH = YES;
				SDKROOT = iphoneos;
				SWIFT_COMPILATION_MODE = wholemodule;
				SWIFT_OPTIMIZATION_LEVEL = "-O";
				VALIDATE_PRODUCT = YES;
			};
			name = Release;
		};
		7D742F6E245B0BF700BF523B /* Debug */ = {
			isa = XCBuildConfiguration;
			baseConfigurationReference = 6D9512578C381AFEADAAD386 /* Pods-TestProject.debug.xcconfig */;
			buildSettings = {
				ASSETCATALOG_COMPILER_APPICON_NAME = AppIcon;
				CODE_SIGN_STYLE = Automatic;
				DEVELOPMENT_TEAM = PC8FS8VHSM;
				INFOPLIST_FILE = TestProject/Info.plist;
				LD_RUNPATH_SEARCH_PATHS = (
					"$(inherited)",
					"@executable_path/Frameworks",
				);
				PRODUCT_BUNDLE_IDENTIFIER = dfg.TestProject;
				PRODUCT_NAME = "$(TARGET_NAME)";
				SWIFT_VERSION = 5.0;
				TARGETED_DEVICE_FAMILY = "1,2";
			};
			name = Debug;
		};
		7D742F6F245B0BF700BF523B /* Release */ = {
			isa = XCBuildConfiguration;
			baseConfigurationReference = 2C1AB395A05C09579E66B865 /* Pods-TestProject.release.xcconfig */;
			buildSettings = {
				ASSETCATALOG_COMPILER_APPICON_NAME = AppIcon;
				CODE_SIGN_STYLE = Automatic;
				DEVELOPMENT_TEAM = PC8FS8VHSM;
				INFOPLIST_FILE = TestProject/Info.plist;
				LD_RUNPATH_SEARCH_PATHS = (
					"$(inherited)",
					"@executable_path/Frameworks",
				);
				PRODUCT_BUNDLE_IDENTIFIER = dfg.TestProject;
				PRODUCT_NAME = "$(TARGET_NAME)";
				SWIFT_VERSION = 5.0;
				TARGETED_DEVICE_FAMILY = "1,2";
			};
			name = Release;
		};
		7D742F71245B0BF700BF523B /* Debug */ = {
			isa = XCBuildConfiguration;
			baseConfigurationReference = B5E974F99BD235988323FCE1 /* Pods-TestProjectTests.debug.xcconfig */;
			buildSettings = {
				ALWAYS_EMBED_SWIFT_STANDARD_LIBRARIES = YES;
				BUNDLE_LOADER = "$(TEST_HOST)";
				CODE_SIGN_STYLE = Automatic;
				DEVELOPMENT_TEAM = PC8FS8VHSM;
				INFOPLIST_FILE = TestProjectTests/Info.plist;
				IPHONEOS_DEPLOYMENT_TARGET = 13.4;
				LD_RUNPATH_SEARCH_PATHS = (
					"$(inherited)",
					"@executable_path/Frameworks",
					"@loader_path/Frameworks",
				);
				PRODUCT_BUNDLE_IDENTIFIER = dfg.TestProjectTests;
				PRODUCT_NAME = "$(TARGET_NAME)";
				SWIFT_VERSION = 5.0;
				TARGETED_DEVICE_FAMILY = "1,2";
				TEST_HOST = "$(BUILT_PRODUCTS_DIR)/TestProject.app/TestProject";
			};
			name = Debug;
		};
		7D742F72245B0BF700BF523B /* Release */ = {
			isa = XCBuildConfiguration;
			baseConfigurationReference = FFEEA23CD4A311EFD38B21F6 /* Pods-TestProjectTests.release.xcconfig */;
			buildSettings = {
				ALWAYS_EMBED_SWIFT_STANDARD_LIBRARIES = YES;
				BUNDLE_LOADER = "$(TEST_HOST)";
				CODE_SIGN_STYLE = Automatic;
				DEVELOPMENT_TEAM = PC8FS8VHSM;
				INFOPLIST_FILE = TestProjectTests/Info.plist;
				IPHONEOS_DEPLOYMENT_TARGET = 13.4;
				LD_RUNPATH_SEARCH_PATHS = (
					"$(inherited)",
					"@executable_path/Frameworks",
					"@loader_path/Frameworks",
				);
				PRODUCT_BUNDLE_IDENTIFIER = dfg.TestProjectTests;
				PRODUCT_NAME = "$(TARGET_NAME)";
				SWIFT_VERSION = 5.0;
				TARGETED_DEVICE_FAMILY = "1,2";
				TEST_HOST = "$(BUILT_PRODUCTS_DIR)/TestProject.app/TestProject";
			};
			name = Release;
		};
		7D742F74245B0BF700BF523B /* Debug */ = {
			isa = XCBuildConfiguration;
			baseConfigurationReference = E52355DB5A08FE356116B769 /* Pods-TestProject-TestProjectUITests.debug.xcconfig */;
			buildSettings = {
				ALWAYS_EMBED_SWIFT_STANDARD_LIBRARIES = YES;
				CODE_SIGN_STYLE = Automatic;
				DEVELOPMENT_TEAM = PC8FS8VHSM;
				INFOPLIST_FILE = TestProjectUITests/Info.plist;
				LD_RUNPATH_SEARCH_PATHS = (
					"$(inherited)",
					"@executable_path/Frameworks",
					"@loader_path/Frameworks",
				);
				PRODUCT_BUNDLE_IDENTIFIER = dfg.TestProjectUITests;
				PRODUCT_NAME = "$(TARGET_NAME)";
				SWIFT_VERSION = 5.0;
				TARGETED_DEVICE_FAMILY = "1,2";
				TEST_TARGET_NAME = TestProject;
			};
			name = Debug;
		};
		7D742F75245B0BF700BF523B /* Release */ = {
			isa = XCBuildConfiguration;
			baseConfigurationReference = E565FE00DDDD3AD12D1FAD4D /* Pods-TestProject-TestProjectUITests.release.xcconfig */;
			buildSettings = {
				ALWAYS_EMBED_SWIFT_STANDARD_LIBRARIES = YES;
				CODE_SIGN_STYLE = Automatic;
				DEVELOPMENT_TEAM = PC8FS8VHSM;
				INFOPLIST_FILE = TestProjectUITests/Info.plist;
				LD_RUNPATH_SEARCH_PATHS = (
					"$(inherited)",
					"@executable_path/Frameworks",
					"@loader_path/Frameworks",
				);
				PRODUCT_BUNDLE_IDENTIFIER = dfg.TestProjectUITests;
				PRODUCT_NAME = "$(TARGET_NAME)";
				SWIFT_VERSION = 5.0;
				TARGETED_DEVICE_FAMILY = "1,2";
				TEST_TARGET_NAME = TestProject;
			};
			name = Release;
		};
/* End XCBuildConfiguration section */

/* Begin XCConfigurationList section */
		7D742F3E245B0BF200BF523B /* Build configuration list for PBXProject "TestProject" */ = {
			isa = XCConfigurationList;
			buildConfigurations = (
				7D742F6B245B0BF700BF523B /* Debug */,
				7D742F6C245B0BF700BF523B /* Release */,
			);
			defaultConfigurationIsVisible = 0;
			defaultConfigurationName = Release;
		};
		7D742F6D245B0BF700BF523B /* Build configuration list for PBXNativeTarget "TestProject" */ = {
			isa = XCConfigurationList;
			buildConfigurations = (
				7D742F6E245B0BF700BF523B /* Debug */,
				7D742F6F245B0BF700BF523B /* Release */,
			);
			defaultConfigurationIsVisible = 0;
			defaultConfigurationName = Release;
		};
		7D742F70245B0BF700BF523B /* Build configuration list for PBXNativeTarget "TestProjectTests" */ = {
			isa = XCConfigurationList;
			buildConfigurations = (
				7D742F71245B0BF700BF523B /* Debug */,
				7D742F72245B0BF700BF523B /* Release */,
			);
			defaultConfigurationIsVisible = 0;
			defaultConfigurationName = Release;
		};
		7D742F73245B0BF700BF523B /* Build configuration list for PBXNativeTarget "TestProjectUITests" */ = {
			isa = XCConfigurationList;
			buildConfigurations = (
				7D742F74245B0BF700BF523B /* Debug */,
				7D742F75245B0BF700BF523B /* Release */,
			);
			defaultConfigurationIsVisible = 0;
			defaultConfigurationName = Release;
		};
/* End XCConfigurationList section */
	};
	rootObject = 7D742F3B245B0BF200BF523B /* Project object */;
}
